
Microsoft Visual Studio Solution File, Format Version 12.00
# Visual Studio Version 17
VisualStudioVersion = 17.5.33516.290
MinimumVisualStudioVersion = 10.0.40219.1
Project("{FAE04EC0-301F-11D3-BF4B-00C04F79EFBC}") = "Interview.Ui", "Interview.Ui\Interview.Ui.csproj", "{2207FD6C-349B-42B3-94BA-6B9830979B0B}"
EndProject
Global
	GlobalSection(SolutionConfigurationPlatforms) = preSolution
		Debug|Any CPU = Debug|Any CPU
		Release|Any CPU = Release|Any CPU
	EndGlobalSection
	GlobalSection(ProjectConfigurationPlatforms) = postSolution
		{2207FD6C-349B-42B3-94BA-6B9830979B0B}.Debug|Any CPU.ActiveCfg = Debug|Any CPU
		{2207FD6C-349B-42B3-94BA-6B9830979B0B}.Debug|Any CPU.Build.0 = Debug|Any CPU
		{2207FD6C-349B-42B3-94BA-6B9830979B0B}.Release|Any CPU.ActiveCfg = Release|Any CPU
		{2207FD6C-349B-42B3-94BA-6B9830979B0B}.Release|Any CPU.Build.0 = Release|Any CPU
	EndGlobalSection
	GlobalSection(SolutionProperties) = preSolution
		HideSolutionNode = FALSE
	EndGlobalSection
	GlobalSection(ExtensibilityGlobals) = postSolution
		SolutionGuid = {0AFB507A-27D7-40B4-89D5-13A7BC1055A8}
	EndGlobalSection
EndGlobal
